<?xml version="1.0" encoding="utf-8"?>
<Project ToolsVersion="4.0" xmlns="http://schemas.microsoft.com/developer/msbuild/2003">
  <ItemGroup>
    <Filter Include="SDI">
      <UniqueIdentifier>{7387f256-f62a-44ac-9f47-e8b0b3ba4f9e}</UniqueIdentifier>
    </Filter>
  </ItemGroup>
  <ItemGroup>
    <ClCompile Include="SDI.c">
      <Filter>SDI</Filter>
    </ClCompile>
  </ItemGroup>
</Project>